
Microsoft Visual Studio Solution File, Format Version 12.00
# Visual Studio Version 17
VisualStudioVersion = 17.7.34031.279
MinimumVisualStudioVersion = 10.0.40219.1
Project("{9A19103F-16F7-4668-BE54-9A1E7A4F7556}") = "capaPresentacion", "capaPresentacion\capaPresentacion.csproj", "{3720CBE5-D092-4B3E-A363-C0C474D5FC7A}"
EndProject
Project("{9A19103F-16F7-4668-BE54-9A1E7A4F7556}") = "capaDatos", "capaDatos\capaDatos.csproj", "{C365D2AC-8E9F-467A-BF43-4299ECEE43C1}"
EndProject
Project("{9A19103F-16F7-4668-BE54-9A1E7A4F7556}") = "capaEntidad", "capaEntidad\capaEntidad.csproj", "{5BD4FD03-DE68-426E-83FD-AA206DFA4A48}"
EndProject
Project("{9A19103F-16F7-4668-BE54-9A1E7A4F7556}") = "capaNegocio", "capaNegocio\capaNegocio.csproj", "{842CFBDA-2551-4296-84CB-81EDE47FB34A}"
EndProject
Project("{9A19103F-16F7-4668-BE54-9A1E7A4F7556}") = "capaComun", "capaComun\capaComun.csproj", "{F2B301ED-2D0F-4F63-BE45-22C6441C5D7F}"
EndProject
Global
	GlobalSection(SolutionConfigurationPlatforms) = preSolution
		Debug|Any CPU = Debug|Any CPU
		Release|Any CPU = Release|Any CPU
	EndGlobalSection
	GlobalSection(ProjectConfigurationPlatforms) = postSolution
		{3720CBE5-D092-4B3E-A363-C0C474D5FC7A}.Debug|Any CPU.ActiveCfg = Debug|Any CPU
		{3720CBE5-D092-4B3E-A363-C0C474D5FC7A}.Debug|Any CPU.Build.0 = Debug|Any CPU
		{3720CBE5-D092-4B3E-A363-C0C474D5FC7A}.Release|Any CPU.ActiveCfg = Release|Any CPU
		{3720CBE5-D092-4B3E-A363-C0C474D5FC7A}.Release|Any CPU.Build.0 = Release|Any CPU
		{C365D2AC-8E9F-467A-BF43-4299ECEE43C1}.Debug|Any CPU.ActiveCfg = Debug|Any CPU
		{C365D2AC-8E9F-467A-BF43-4299ECEE43C1}.Debug|Any CPU.Build.0 = Debug|Any CPU
		{C365D2AC-8E9F-467A-BF43-4299ECEE43C1}.Release|Any CPU.ActiveCfg = Release|Any CPU
		{C365D2AC-8E9F-467A-BF43-4299ECEE43C1}.Release|Any CPU.Build.0 = Release|Any CPU
		{5BD4FD03-DE68-426E-83FD-AA206DFA4A48}.Debug|Any CPU.ActiveCfg = Debug|Any CPU
		{5BD4FD03-DE68-426E-83FD-AA206DFA4A48}.Debug|Any CPU.Build.0 = Debug|Any CPU
		{5BD4FD03-DE68-426E-83FD-AA206DFA4A48}.Release|Any CPU.ActiveCfg = Release|Any CPU
		{5BD4FD03-DE68-426E-83FD-AA206DFA4A48}.Release|Any CPU.Build.0 = Release|Any CPU
		{842CFBDA-2551-4296-84CB-81EDE47FB34A}.Debug|Any CPU.ActiveCfg = Debug|Any CPU
		{842CFBDA-2551-4296-84CB-81EDE47FB34A}.Debug|Any CPU.Build.0 = Debug|Any CPU
		{842CFBDA-2551-4296-84CB-81EDE47FB34A}.Release|Any CPU.ActiveCfg = Release|Any CPU
		{842CFBDA-2551-4296-84CB-81EDE47FB34A}.Release|Any CPU.Build.0 = Release|Any CPU
		{F2B301ED-2D0F-4F63-BE45-22C6441C5D7F}.Debug|Any CPU.ActiveCfg = Debug|Any CPU
		{F2B301ED-2D0F-4F63-BE45-22C6441C5D7F}.Debug|Any CPU.Build.0 = Debug|Any CPU
		{F2B301ED-2D0F-4F63-BE45-22C6441C5D7F}.Release|Any CPU.ActiveCfg = Release|Any CPU
		{F2B301ED-2D0F-4F63-BE45-22C6441C5D7F}.Release|Any CPU.Build.0 = Release|Any CPU
	EndGlobalSection
	GlobalSection(SolutionProperties) = preSolution
		HideSolutionNode = FALSE
	EndGlobalSection
	GlobalSection(ExtensibilityGlobals) = postSolution
		SolutionGuid = {5CC16F36-E0BD-43A9-AA63-37A363A640BB}
	EndGlobalSection
EndGlobal
